// !$*UTF8*$!
{
	archiveVersion = 1;
	classes = {
	};
	objectVersion = 50;
	objects = {

/* Begin PBXBuildFile section */
		BD81463523DD67540050DCF7 /* PeopleDetail.swift in Sources */ = {isa = PBXBuildFile; fileRef = BD81463423DD67540050DCF7 /* PeopleDetail.swift */; };
		BD81463823DD72CD0050DCF7 /* SettingsView.swift in Sources */ = {isa = PBXBuildFile; fileRef = BD81463723DD72CD0050DCF7 /* SettingsView.swift */; };
		BD81463B23DD797F0050DCF7 /* KeyboardHelper.swift in Sources */ = {isa = PBXBuildFile; fileRef = BD81463A23DD797F0050DCF7 /* KeyboardHelper.swift */; };
		BD8A385623D4281E003EC183 /* AppDelegate.swift in Sources */ = {isa = PBXBuildFile; fileRef = BD8A385523D4281E003EC183 /* AppDelegate.swift */; };
		BD8A385823D4281E003EC183 /* SceneDelegate.swift in Sources */ = {isa = PBXBuildFile; fileRef = BD8A385723D4281E003EC183 /* SceneDelegate.swift */; };
		BD8A385A23D4281E003EC183 /* ContentView.swift in Sources */ = {isa = PBXBuildFile; fileRef = BD8A385923D4281E003EC183 /* ContentView.swift */; };
		BD8A385C23D42822003EC183 /* Assets.xcassets in Resources */ = {isa = PBXBuildFile; fileRef = BD8A385B23D42822003EC183 /* Assets.xcassets */; };
		BD8A385F23D42822003EC183 /* Preview Assets.xcassets in Resources */ = {isa = PBXBuildFile; fileRef = BD8A385E23D42822003EC183 /* Preview Assets.xcassets */; };
		BD8A386223D42822003EC183 /* LaunchScreen.storyboard in Resources */ = {isa = PBXBuildFile; fileRef = BD8A386023D42822003EC183 /* LaunchScreen.storyboard */; };
		BD8A386D23D42823003EC183 /* PeopleGroupingTests.swift in Sources */ = {isa = PBXBuildFile; fileRef = BD8A386C23D42823003EC183 /* PeopleGroupingTests.swift */; };
		BD8A387A23D4285F003EC183 /* Person.swift in Sources */ = {isa = PBXBuildFile; fileRef = BD8A387923D4285F003EC183 /* Person.swift */; };
		BD8A387C23D4289B003EC183 /* PersonCategory.swift in Sources */ = {isa = PBXBuildFile; fileRef = BD8A387B23D4289B003EC183 /* PersonCategory.swift */; };
		BD8A387F23D42B8A003EC183 /* PeopleList.swift in Sources */ = {isa = PBXBuildFile; fileRef = BD8A387E23D42B8A003EC183 /* PeopleList.swift */; };
		BD8A388123D42BA2003EC183 /* PeopleResource.swift in Sources */ = {isa = PBXBuildFile; fileRef = BD8A388023D42BA2003EC183 /* PeopleResource.swift */; };
		BD8A388323D42DF5003EC183 /* CloudKitManagement.swift in Sources */ = {isa = PBXBuildFile; fileRef = BD8A388223D42DF5003EC183 /* CloudKitManagement.swift */; };
		BD8A388523D42E4D003EC183 /* PersonRow.swift in Sources */ = {isa = PBXBuildFile; fileRef = BD8A388423D42E4D003EC183 /* PersonRow.swift */; };
		BD8A388923D433BF003EC183 /* CloudKit.framework in Frameworks */ = {isa = PBXBuildFile; fileRef = BD8A388823D433BF003EC183 /* CloudKit.framework */; };
		BDA295BA23E4C0FB0040D4BB /* Info.plist in Resources */ = {isa = PBXBuildFile; fileRef = BD8A386323D42822003EC183 /* Info.plist */; };
/* End PBXBuildFile section */

/* Begin PBXContainerItemProxy section */
		BD8A386923D42823003EC183 /* PBXContainerItemProxy */ = {
			isa = PBXContainerItemProxy;
			containerPortal = BD8A384A23D4281E003EC183 /* Project object */;
			proxyType = 1;
			remoteGlobalIDString = BD8A385123D4281E003EC183;
			remoteInfo = "Blacklister - Categorize People";
		};
/* End PBXContainerItemProxy section */

/* Begin PBXFileReference section */
		BD81463423DD67540050DCF7 /* PeopleDetail.swift */ = {isa = PBXFileReference; lastKnownFileType = sourcecode.swift; path = PeopleDetail.swift; sourceTree = "<group>"; };
		BD81463723DD72CD0050DCF7 /* SettingsView.swift */ = {isa = PBXFileReference; lastKnownFileType = sourcecode.swift; path = SettingsView.swift; sourceTree = "<group>"; };
		BD81463A23DD797F0050DCF7 /* KeyboardHelper.swift */ = {isa = PBXFileReference; lastKnownFileType = sourcecode.swift; path = KeyboardHelper.swift; sourceTree = "<group>"; };
		BD8A385223D4281E003EC183 /* PeopleGrouping.app */ = {isa = PBXFileReference; explicitFileType = wrapper.application; includeInIndex = 0; path = PeopleGrouping.app; sourceTree = BUILT_PRODUCTS_DIR; };
		BD8A385523D4281E003EC183 /* AppDelegate.swift */ = {isa = PBXFileReference; lastKnownFileType = sourcecode.swift; path = AppDelegate.swift; sourceTree = "<group>"; };
		BD8A385723D4281E003EC183 /* SceneDelegate.swift */ = {isa = PBXFileReference; lastKnownFileType = sourcecode.swift; path = SceneDelegate.swift; sourceTree = "<group>"; };
		BD8A385923D4281E003EC183 /* ContentView.swift */ = {isa = PBXFileReference; lastKnownFileType = sourcecode.swift; path = ContentView.swift; sourceTree = "<group>"; };
		BD8A385B23D42822003EC183 /* Assets.xcassets */ = {isa = PBXFileReference; lastKnownFileType = folder.assetcatalog; path = Assets.xcassets; sourceTree = "<group>"; };
		BD8A385E23D42822003EC183 /* Preview Assets.xcassets */ = {isa = PBXFileReference; lastKnownFileType = folder.assetcatalog; path = "Preview Assets.xcassets"; sourceTree = "<group>"; };
		BD8A386123D42822003EC183 /* Base */ = {isa = PBXFileReference; lastKnownFileType = file.storyboard; name = Base; path = Base.lproj/LaunchScreen.storyboard; sourceTree = "<group>"; };
		BD8A386323D42822003EC183 /* Info.plist */ = {isa = PBXFileReference; lastKnownFileType = text.plist.xml; path = Info.plist; sourceTree = "<group>"; };
		BD8A386823D42822003EC183 /* PeopleGroupingTests.xctest */ = {isa = PBXFileReference; explicitFileType = wrapper.cfbundle; includeInIndex = 0; path = PeopleGroupingTests.xctest; sourceTree = BUILT_PRODUCTS_DIR; };
		BD8A386C23D42823003EC183 /* PeopleGroupingTests.swift */ = {isa = PBXFileReference; lastKnownFileType = sourcecode.swift; path = PeopleGroupingTests.swift; sourceTree = "<group>"; };
		BD8A386E23D42823003EC183 /* Info.plist */ = {isa = PBXFileReference; lastKnownFileType = text.plist.xml; path = Info.plist; sourceTree = "<group>"; };
		BD8A387923D4285F003EC183 /* Person.swift */ = {isa = PBXFileReference; lastKnownFileType = sourcecode.swift; path = Person.swift; sourceTree = "<group>"; };
		BD8A387B23D4289B003EC183 /* PersonCategory.swift */ = {isa = PBXFileReference; lastKnownFileType = sourcecode.swift; path = PersonCategory.swift; sourceTree = "<group>"; };
		BD8A387E23D42B8A003EC183 /* PeopleList.swift */ = {isa = PBXFileReference; lastKnownFileType = sourcecode.swift; path = PeopleList.swift; sourceTree = "<group>"; };
		BD8A388023D42BA2003EC183 /* PeopleResource.swift */ = {isa = PBXFileReference; lastKnownFileType = sourcecode.swift; path = PeopleResource.swift; sourceTree = "<group>"; };
		BD8A388223D42DF5003EC183 /* CloudKitManagement.swift */ = {isa = PBXFileReference; lastKnownFileType = sourcecode.swift; path = CloudKitManagement.swift; sourceTree = "<group>"; };
		BD8A388423D42E4D003EC183 /* PersonRow.swift */ = {isa = PBXFileReference; lastKnownFileType = sourcecode.swift; path = PersonRow.swift; sourceTree = "<group>"; };
		BD8A388623D433BB003EC183 /* PeopleGrouping.entitlements */ = {isa = PBXFileReference; lastKnownFileType = text.plist.entitlements; path = PeopleGrouping.entitlements; sourceTree = "<group>"; };
		BD8A388823D433BF003EC183 /* CloudKit.framework */ = {isa = PBXFileReference; lastKnownFileType = wrapper.framework; name = CloudKit.framework; path = System/Library/Frameworks/CloudKit.framework; sourceTree = SDKROOT; };
		BDA295BB23E4C5B10040D4BB /* README.md */ = {isa = PBXFileReference; lastKnownFileType = net.daringfireball.markdown; path = README.md; sourceTree = "<group>"; };
/* End PBXFileReference section */

/* Begin PBXFrameworksBuildPhase section */
		BD8A384F23D4281E003EC183 /* Frameworks */ = {
			isa = PBXFrameworksBuildPhase;
			buildActionMask = 2147483647;
			files = (
				BD8A388923D433BF003EC183 /* CloudKit.framework in Frameworks */,
			);
			runOnlyForDeploymentPostprocessing = 0;
		};
		BD8A386523D42822003EC183 /* Frameworks */ = {
			isa = PBXFrameworksBuildPhase;
			buildActionMask = 2147483647;
			files = (
			);
			runOnlyForDeploymentPostprocessing = 0;
		};
/* End PBXFrameworksBuildPhase section */

/* Begin PBXGroup section */
		BD81463323DD67390050DCF7 /* PeopleDetail */ = {
			isa = PBXGroup;
			children = (
				BD81463423DD67540050DCF7 /* PeopleDetail.swift */,
			);
			path = PeopleDetail;
			sourceTree = "<group>";
		};
		BD81463623DD72C30050DCF7 /* Settings */ = {
			isa = PBXGroup;
			children = (
				BD81463723DD72CD0050DCF7 /* SettingsView.swift */,
			);
			path = Settings;
			sourceTree = "<group>";
		};
		BD81463923DD79770050DCF7 /* Helpers */ = {
			isa = PBXGroup;
			children = (
				BD81463A23DD797F0050DCF7 /* KeyboardHelper.swift */,
			);
			path = Helpers;
			sourceTree = "<group>";
		};
		BD8A384923D4281E003EC183 = {
			isa = PBXGroup;
			children = (
				BD8A385423D4281E003EC183 /* PeopleGrouping */,
				BD8A386B23D42823003EC183 /* PeopleGroupingTests */,
				BD8A385323D4281E003EC183 /* Products */,
				BD8A388723D433BF003EC183 /* Frameworks */,
			);
			sourceTree = "<group>";
		};
		BD8A385323D4281E003EC183 /* Products */ = {
			isa = PBXGroup;
			children = (
				BD8A385223D4281E003EC183 /* PeopleGrouping.app */,
				BD8A386823D42822003EC183 /* PeopleGroupingTests.xctest */,
			);
			name = Products;
			sourceTree = "<group>";
		};
		BD8A385423D4281E003EC183 /* PeopleGrouping */ = {
			isa = PBXGroup;
			children = (
				BD81463923DD79770050DCF7 /* Helpers */,
				BD81463623DD72C30050DCF7 /* Settings */,
				BD81463323DD67390050DCF7 /* PeopleDetail */,
				BD8A388623D433BB003EC183 /* PeopleGrouping.entitlements */,
				BD8A387D23D42B7C003EC183 /* PeopleList */,
				BD8A387823D42848003EC183 /* People */,
				BD8A387723D42837003EC183 /* TopUI Delegates */,
				BD8A385B23D42822003EC183 /* Assets.xcassets */,
				BD8A386023D42822003EC183 /* LaunchScreen.storyboard */,
				BD8A386323D42822003EC183 /* Info.plist */,
				BD8A385D23D42822003EC183 /* Preview Content */,
				BDA295BB23E4C5B10040D4BB /* README.md */,
			);
			path = PeopleGrouping;
			sourceTree = "<group>";
		};
		BD8A385D23D42822003EC183 /* Preview Content */ = {
			isa = PBXGroup;
			children = (
				BD8A385E23D42822003EC183 /* Preview Assets.xcassets */,
			);
			path = "Preview Content";
			sourceTree = "<group>";
		};
		BD8A386B23D42823003EC183 /* PeopleGroupingTests */ = {
			isa = PBXGroup;
			children = (
				BD8A386C23D42823003EC183 /* PeopleGroupingTests.swift */,
				BD8A386E23D42823003EC183 /* Info.plist */,
			);
			path = PeopleGroupingTests;
			sourceTree = "<group>";
		};
		BD8A387723D42837003EC183 /* TopUI Delegates */ = {
			isa = PBXGroup;
			children = (
				BD8A385923D4281E003EC183 /* ContentView.swift */,
				BD8A385523D4281E003EC183 /* AppDelegate.swift */,
				BD8A385723D4281E003EC183 /* SceneDelegate.swift */,
			);
			path = "TopUI Delegates";
			sourceTree = "<group>";
		};
		BD8A387823D42848003EC183 /* People */ = {
			isa = PBXGroup;
			children = (
				BD8A387923D4285F003EC183 /* Person.swift */,
				BD8A387B23D4289B003EC183 /* PersonCategory.swift */,
				BD8A388023D42BA2003EC183 /* PeopleResource.swift */,
				BD8A388223D42DF5003EC183 /* CloudKitManagement.swift */,
			);
			path = People;
			sourceTree = "<group>";
		};
		BD8A387D23D42B7C003EC183 /* PeopleList */ = {
			isa = PBXGroup;
			children = (
				BD8A387E23D42B8A003EC183 /* PeopleList.swift */,
				BD8A388423D42E4D003EC183 /* PersonRow.swift */,
			);
			path = PeopleList;
			sourceTree = "<group>";
		};
		BD8A388723D433BF003EC183 /* Frameworks */ = {
			isa = PBXGroup;
			children = (
				BD8A388823D433BF003EC183 /* CloudKit.framework */,
			);
			name = Frameworks;
			sourceTree = "<group>";
		};
/* End PBXGroup section */

/* Begin PBXNativeTarget section */
		BD8A385123D4281E003EC183 /* PeopleGrouping */ = {
			isa = PBXNativeTarget;
			buildConfigurationList = BD8A387123D42823003EC183 /* Build configuration list for PBXNativeTarget "PeopleGrouping" */;
			buildPhases = (
				BD8A384E23D4281E003EC183 /* Sources */,
				BD8A384F23D4281E003EC183 /* Frameworks */,
				BD8A385023D4281E003EC183 /* Resources */,
			);
			buildRules = (
			);
			dependencies = (
			);
			name = PeopleGrouping;
			productName = "Blacklister - Categorize People";
			productReference = BD8A385223D4281E003EC183 /* PeopleGrouping.app */;
			productType = "com.apple.product-type.application";
		};
		BD8A386723D42822003EC183 /* PeopleGroupingTests */ = {
			isa = PBXNativeTarget;
			buildConfigurationList = BD8A387423D42823003EC183 /* Build configuration list for PBXNativeTarget "PeopleGroupingTests" */;
			buildPhases = (
				BD8A386423D42822003EC183 /* Sources */,
				BD8A386523D42822003EC183 /* Frameworks */,
				BD8A386623D42822003EC183 /* Resources */,
			);
			buildRules = (
			);
			dependencies = (
				BD8A386A23D42823003EC183 /* PBXTargetDependency */,
			);
			name = PeopleGroupingTests;
			productName = "Blacklister - Categorize PeopleTests";
			productReference = BD8A386823D42822003EC183 /* PeopleGroupingTests.xctest */;
			productType = "com.apple.product-type.bundle.unit-test";
		};
/* End PBXNativeTarget section */

/* Begin PBXProject section */
		BD8A384A23D4281E003EC183 /* Project object */ = {
			isa = PBXProject;
			attributes = {
				LastSwiftUpdateCheck = 1130;
				LastUpgradeCheck = 1130;
				ORGANIZATIONNAME = "Kevin Taniguchi";
				TargetAttributes = {
					BD8A385123D4281E003EC183 = {
						CreatedOnToolsVersion = 11.3.1;
					};
					BD8A386723D42822003EC183 = {
						CreatedOnToolsVersion = 11.3.1;
						TestTargetID = BD8A385123D4281E003EC183;
					};
				};
			};
			buildConfigurationList = BD8A384D23D4281E003EC183 /* Build configuration list for PBXProject "PeopleGrouping" */;
			compatibilityVersion = "Xcode 9.3";
			developmentRegion = en;
			hasScannedForEncodings = 0;
			knownRegions = (
				en,
				Base,
			);
			mainGroup = BD8A384923D4281E003EC183;
			productRefGroup = BD8A385323D4281E003EC183 /* Products */;
			projectDirPath = "";
			projectRoot = "";
			targets = (
				BD8A385123D4281E003EC183 /* PeopleGrouping */,
				BD8A386723D42822003EC183 /* PeopleGroupingTests */,
			);
		};
/* End PBXProject section */

/* Begin PBXResourcesBuildPhase section */
		BD8A385023D4281E003EC183 /* Resources */ = {
			isa = PBXResourcesBuildPhase;
			buildActionMask = 2147483647;
			files = (
				BD8A386223D42822003EC183 /* LaunchScreen.storyboard in Resources */,
				BD8A385F23D42822003EC183 /* Preview Assets.xcassets in Resources */,
				BD8A385C23D42822003EC183 /* Assets.xcassets in Resources */,
			);
			runOnlyForDeploymentPostprocessing = 0;
		};
		BD8A386623D42822003EC183 /* Resources */ = {
			isa = PBXResourcesBuildPhase;
			buildActionMask = 2147483647;
			files = (
				BDA295BA23E4C0FB0040D4BB /* Info.plist in Resources */,
			);
			runOnlyForDeploymentPostprocessing = 0;
		};
/* End PBXResourcesBuildPhase section */

/* Begin PBXSourcesBuildPhase section */
		BD8A384E23D4281E003EC183 /* Sources */ = {
			isa = PBXSourcesBuildPhase;
			buildActionMask = 2147483647;
			files = (
				BD8A387F23D42B8A003EC183 /* PeopleList.swift in Sources */,
				BD81463B23DD797F0050DCF7 /* KeyboardHelper.swift in Sources */,
				BD8A388523D42E4D003EC183 /* PersonRow.swift in Sources */,
				BD8A385623D4281E003EC183 /* AppDelegate.swift in Sources */,
				BD8A385823D4281E003EC183 /* SceneDelegate.swift in Sources */,
				BD8A388123D42BA2003EC183 /* PeopleResource.swift in Sources */,
				BD8A387A23D4285F003EC183 /* Person.swift in Sources */,
				BD8A387C23D4289B003EC183 /* PersonCategory.swift in Sources */,
				BD8A385A23D4281E003EC183 /* ContentView.swift in Sources */,
				BD8A388323D42DF5003EC183 /* CloudKitManagement.swift in Sources */,
				BD81463523DD67540050DCF7 /* PeopleDetail.swift in Sources */,
				BD81463823DD72CD0050DCF7 /* SettingsView.swift in Sources */,
			);
			runOnlyForDeploymentPostprocessing = 0;
		};
		BD8A386423D42822003EC183 /* Sources */ = {
			isa = PBXSourcesBuildPhase;
			buildActionMask = 2147483647;
			files = (
				BD8A386D23D42823003EC183 /* PeopleGroupingTests.swift in Sources */,
			);
			runOnlyForDeploymentPostprocessing = 0;
		};
/* End PBXSourcesBuildPhase section */

/* Begin PBXTargetDependency section */
		BD8A386A23D42823003EC183 /* PBXTargetDependency */ = {
			isa = PBXTargetDependency;
			target = BD8A385123D4281E003EC183 /* PeopleGrouping */;
			targetProxy = BD8A386923D42823003EC183 /* PBXContainerItemProxy */;
		};
/* End PBXTargetDependency section */

/* Begin PBXVariantGroup section */
		BD8A386023D42822003EC183 /* LaunchScreen.storyboard */ = {
			isa = PBXVariantGroup;
			children = (
				BD8A386123D42822003EC183 /* Base */,
			);
			name = LaunchScreen.storyboard;
			sourceTree = "<group>";
		};
/* End PBXVariantGroup section */

/* Begin XCBuildConfiguration section */
		BD8A386F23D42823003EC183 /* Debug */ = {
			isa = XCBuildConfiguration;
			buildSettings = {
				ALWAYS_SEARCH_USER_PATHS = NO;
				CLANG_ANALYZER_NONNULL = YES;
				CLANG_ANALYZER_NUMBER_OBJECT_CONVERSION = YES_AGGRESSIVE;
				CLANG_CXX_LANGUAGE_STANDARD = "gnu++14";
				CLANG_CXX_LIBRARY = "libc++";
				CLANG_ENABLE_MODULES = YES;
				CLANG_ENABLE_OBJC_ARC = YES;
				CLANG_ENABLE_OBJC_WEAK = YES;
				CLANG_WARN_BLOCK_CAPTURE_AUTORELEASING = YES;
				CLANG_WARN_BOOL_CONVERSION = YES;
				CLANG_WARN_COMMA = YES;
				CLANG_WARN_CONSTANT_CONVERSION = YES;
				CLANG_WARN_DEPRECATED_OBJC_IMPLEMENTATIONS = YES;
				CLANG_WARN_DIRECT_OBJC_ISA_USAGE = YES_ERROR;
				CLANG_WARN_DOCUMENTATION_COMMENTS = YES;
				CLANG_WARN_EMPTY_BODY = YES;
				CLANG_WARN_ENUM_CONVERSION = YES;
				CLANG_WARN_INFINITE_RECURSION = YES;
				CLANG_WARN_INT_CONVERSION = YES;
				CLANG_WARN_NON_LITERAL_NULL_CONVERSION = YES;
				CLANG_WARN_OBJC_IMPLICIT_RETAIN_SELF = YES;
				CLANG_WARN_OBJC_LITERAL_CONVERSION = YES;
				CLANG_WARN_OBJC_ROOT_CLASS = YES_ERROR;
				CLANG_WARN_RANGE_LOOP_ANALYSIS = YES;
				CLANG_WARN_STRICT_PROTOTYPES = YES;
				CLANG_WARN_SUSPICIOUS_MOVE = YES;
				CLANG_WARN_UNGUARDED_AVAILABILITY = YES_AGGRESSIVE;
				CLANG_WARN_UNREACHABLE_CODE = YES;
				CLANG_WARN__DUPLICATE_METHOD_MATCH = YES;
				COPY_PHASE_STRIP = NO;
				DEBUG_INFORMATION_FORMAT = dwarf;
				ENABLE_STRICT_OBJC_MSGSEND = YES;
				ENABLE_TESTABILITY = YES;
				GCC_C_LANGUAGE_STANDARD = gnu11;
				GCC_DYNAMIC_NO_PIC = NO;
				GCC_NO_COMMON_BLOCKS = YES;
				GCC_OPTIMIZATION_LEVEL = 0;
				GCC_PREPROCESSOR_DEFINITIONS = (
					"DEBUG=1",
					"$(inherited)",
				);
				GCC_WARN_64_TO_32_BIT_CONVERSION = YES;
				GCC_WARN_ABOUT_RETURN_TYPE = YES_ERROR;
				GCC_WARN_UNDECLARED_SELECTOR = YES;
				GCC_WARN_UNINITIALIZED_AUTOS = YES_AGGRESSIVE;
				GCC_WARN_UNUSED_FUNCTION = YES;
				GCC_WARN_UNUSED_VARIABLE = YES;
				IPHONEOS_DEPLOYMENT_TARGET = 13.2;
				MTL_ENABLE_DEBUG_INFO = INCLUDE_SOURCE;
				MTL_FAST_MATH = YES;
				ONLY_ACTIVE_ARCH = YES;
				SDKROOT = iphoneos;
				SWIFT_ACTIVE_COMPILATION_CONDITIONS = DEBUG;
				SWIFT_OPTIMIZATION_LEVEL = "-Onone";
			};
			name = Debug;
		};
		BD8A387023D42823003EC183 /* Release */ = {
			isa = XCBuildConfiguration;
			buildSettings = {
				ALWAYS_SEARCH_USER_PATHS = NO;
				CLANG_ANALYZER_NONNULL = YES;
				CLANG_ANALYZER_NUMBER_OBJECT_CONVERSION = YES_AGGRESSIVE;
				CLANG_CXX_LANGUAGE_STANDARD = "gnu++14";
				CLANG_CXX_LIBRARY = "libc++";
				CLANG_ENABLE_MODULES = YES;
				CLANG_ENABLE_OBJC_ARC = YES;
				CLANG_ENABLE_OBJC_WEAK = YES;
				CLANG_WARN_BLOCK_CAPTURE_AUTORELEASING = YES;
				CLANG_WARN_BOOL_CONVERSION = YES;
				CLANG_WARN_COMMA = YES;
				CLANG_WARN_CONSTANT_CONVERSION = YES;
				CLANG_WARN_DEPRECATED_OBJC_IMPLEMENTATIONS = YES;
				CLANG_WARN_DIRECT_OBJC_ISA_USAGE = YES_ERROR;
				CLANG_WARN_DOCUMENTATION_COMMENTS = YES;
				CLANG_WARN_EMPTY_BODY = YES;
				CLANG_WARN_ENUM_CONVERSION = YES;
				CLANG_WARN_INFINITE_RECURSION = YES;
				CLANG_WARN_INT_CONVERSION = YES;
				CLANG_WARN_NON_LITERAL_NULL_CONVERSION = YES;
				CLANG_WARN_OBJC_IMPLICIT_RETAIN_SELF = YES;
				CLANG_WARN_OBJC_LITERAL_CONVERSION = YES;
				CLANG_WARN_OBJC_ROOT_CLASS = YES_ERROR;
				CLANG_WARN_RANGE_LOOP_ANALYSIS = YES;
				CLANG_WARN_STRICT_PROTOTYPES = YES;
				CLANG_WARN_SUSPICIOUS_MOVE = YES;
				CLANG_WARN_UNGUARDED_AVAILABILITY = YES_AGGRESSIVE;
				CLANG_WARN_UNREACHABLE_CODE = YES;
				CLANG_WARN__DUPLICATE_METHOD_MATCH = YES;
				COPY_PHASE_STRIP = NO;
				DEBUG_INFORMATION_FORMAT = "dwarf-with-dsym";
				ENABLE_NS_ASSERTIONS = NO;
				ENABLE_STRICT_OBJC_MSGSEND = YES;
				GCC_C_LANGUAGE_STANDARD = gnu11;
				GCC_NO_COMMON_BLOCKS = YES;
				GCC_WARN_64_TO_32_BIT_CONVERSION = YES;
				GCC_WARN_ABOUT_RETURN_TYPE = YES_ERROR;
				GCC_WARN_UNDECLARED_SELECTOR = YES;
				GCC_WARN_UNINITIALIZED_AUTOS = YES_AGGRESSIVE;
				GCC_WARN_UNUSED_FUNCTION = YES;
				GCC_WARN_UNUSED_VARIABLE = YES;
				IPHONEOS_DEPLOYMENT_TARGET = 13.2;
				MTL_ENABLE_DEBUG_INFO = NO;
				MTL_FAST_MATH = YES;
				SDKROOT = iphoneos;
				SWIFT_COMPILATION_MODE = wholemodule;
				SWIFT_OPTIMIZATION_LEVEL = "-O";
				VALIDATE_PRODUCT = YES;
			};
			name = Release;
		};
		BD8A387223D42823003EC183 /* Debug */ = {
			isa = XCBuildConfiguration;
			buildSettings = {
				ASSETCATALOG_COMPILER_APPICON_NAME = AppIcon;
				CODE_SIGN_ENTITLEMENTS = PeopleGrouping/PeopleGrouping.entitlements;
				CODE_SIGN_STYLE = Automatic;
				DEVELOPMENT_ASSET_PATHS = "\"PeopleGrouping/Preview Content\"";
				DEVELOPMENT_TEAM = 3B3FT42G96;
				ENABLE_PREVIEWS = YES;
				INFOPLIST_FILE = "$(SRCROOT)/PeopleGrouping/Info.plist";
				LD_RUNPATH_SEARCH_PATHS = (
					"$(inherited)",
					"@executable_path/Frameworks",
				);
				PRODUCT_BUNDLE_IDENTIFIER = com.Taniguchi.PeopleGrouping;
				PRODUCT_NAME = "$(TARGET_NAME)";
				SWIFT_VERSION = 5.0;
				TARGETED_DEVICE_FAMILY = "1,2";
			};
			name = Debug;
		};
		BD8A387323D42823003EC183 /* Release */ = {
			isa = XCBuildConfiguration;
			buildSettings = {
				ASSETCATALOG_COMPILER_APPICON_NAME = AppIcon;
				CODE_SIGN_ENTITLEMENTS = PeopleGrouping/PeopleGrouping.entitlements;
				CODE_SIGN_STYLE = Automatic;
				DEVELOPMENT_ASSET_PATHS = "\"PeopleGrouping/Preview Content\"";
				DEVELOPMENT_TEAM = 3B3FT42G96;
				ENABLE_PREVIEWS = YES;
				INFOPLIST_FILE = "$(SRCROOT)/PeopleGrouping/Info.plist";
				LD_RUNPATH_SEARCH_PATHS = (
					"$(inherited)",
					"@executable_path/Frameworks",
				);
				PRODUCT_BUNDLE_IDENTIFIER = com.Taniguchi.PeopleGrouping;
				PRODUCT_NAME = "$(TARGET_NAME)";
				SWIFT_VERSION = 5.0;
				TARGETED_DEVICE_FAMILY = "1,2";
			};
			name = Release;
		};
		BD8A387523D42823003EC183 /* Debug */ = {
			isa = XCBuildConfiguration;
			buildSettings = {
				ALWAYS_EMBED_SWIFT_STANDARD_LIBRARIES = YES;
				BUNDLE_LOADER = "$(TEST_HOST)";
				CODE_SIGN_STYLE = Automatic;
				DEVELOPMENT_TEAM = 3B3FT42G96;
				INFOPLIST_FILE = PeopleGroupingTests/Info.plist;
				IPHONEOS_DEPLOYMENT_TARGET = 13.2;
				LD_RUNPATH_SEARCH_PATHS = (
					"$(inherited)",
					"@executable_path/Frameworks",
					"@loader_path/Frameworks",
				);
				PRODUCT_BUNDLE_IDENTIFIER = "com.Taniguchi.PeopleGrouping-PeopleGroupingTests";
				PRODUCT_NAME = "$(TARGET_NAME)";
				SWIFT_VERSION = 5.0;
				TARGETED_DEVICE_FAMILY = "1,2";
				TEST_HOST = "$(BUILT_PRODUCTS_DIR)/PeopleGrouping.app/PeopleGrouping";
			};
			name = Debug;
		};
		BD8A387623D42823003EC183 /* Release */ = {
			isa = XCBuildConfiguration;
			buildSettings = {
				ALWAYS_EMBED_SWIFT_STANDARD_LIBRARIES = YES;
				BUNDLE_LOADER = "$(TEST_HOST)";
				CODE_SIGN_STYLE = Automatic;
				DEVELOPMENT_TEAM = 3B3FT42G96;
				INFOPLIST_FILE = PeopleGroupingTests/Info.plist;
				IPHONEOS_DEPLOYMENT_TARGET = 13.2;
				LD_RUNPATH_SEARCH_PATHS = (
					"$(inherited)",
					"@executable_path/Frameworks",
					"@loader_path/Frameworks",
				);
				PRODUCT_BUNDLE_IDENTIFIER = "com.Taniguchi.PeopleGrouping-PeopleGroupingTests";
				PRODUCT_NAME = "$(TARGET_NAME)";
				SWIFT_VERSION = 5.0;
				TARGETED_DEVICE_FAMILY = "1,2";
				TEST_HOST = "$(BUILT_PRODUCTS_DIR)/PeopleGrouping.app/PeopleGrouping";
			};
			name = Release;
		};
/* End XCBuildConfiguration section */

/* Begin XCConfigurationList section */
		BD8A384D23D4281E003EC183 /* Build configuration list for PBXProject "PeopleGrouping" */ = {
			isa = XCConfigurationList;
			buildConfigurations = (
				BD8A386F23D42823003EC183 /* Debug */,
				BD8A387023D42823003EC183 /* Release */,
			);
			defaultConfigurationIsVisible = 0;
			defaultConfigurationName = Release;
		};
		BD8A387123D42823003EC183 /* Build configuration list for PBXNativeTarget "PeopleGrouping" */ = {
			isa = XCConfigurationList;
			buildConfigurations = (
				BD8A387223D42823003EC183 /* Debug */,
				BD8A387323D42823003EC183 /* Release */,
			);
			defaultConfigurationIsVisible = 0;
			defaultConfigurationName = Release;
		};
		BD8A387423D42823003EC183 /* Build configuration list for PBXNativeTarget "PeopleGroupingTests" */ = {
			isa = XCConfigurationList;
			buildConfigurations = (
				BD8A387523D42823003EC183 /* Debug */,
				BD8A387623D42823003EC183 /* Release */,
			);
			defaultConfigurationIsVisible = 0;
			defaultConfigurationName = Release;
		};
/* End XCConfigurationList section */
	};
	rootObject = BD8A384A23D4281E003EC183 /* Project object */;
}
